
Microsoft Visual Studio Solution File, Format Version 12.00
# Visual Studio Version 17
VisualStudioVersion = 17.14.36119.2 d17.14
MinimumVisualStudioVersion = 10.0.40219.1
Project("{FAE04EC0-301F-11D3-BF4B-00C04F79EFBC}") = "Ovning2_Flode", "Ovning2_Flode.csproj", "{D395E854-65A0-4927-99E6-9B48EFC95C3F}"
EndProject
Global
	GlobalSection(SolutionConfigurationPlatforms) = preSolution
		Debug|Any CPU = Debug|Any CPU
		Release|Any CPU = Release|Any CPU
	EndGlobalSection
	GlobalSection(ProjectConfigurationPlatforms) = postSolution
		{D395E854-65A0-4927-99E6-9B48EFC95C3F}.Debug|Any CPU.ActiveCfg = Debug|Any CPU
		{D395E854-65A0-4927-99E6-9B48EFC95C3F}.Debug|Any CPU.Build.0 = Debug|Any CPU
		{D395E854-65A0-4927-99E6-9B48EFC95C3F}.Release|Any CPU.ActiveCfg = Release|Any CPU
		{D395E854-65A0-4927-99E6-9B48EFC95C3F}.Release|Any CPU.Build.0 = Release|Any CPU
	EndGlobalSection
	GlobalSection(SolutionProperties) = preSolution
		HideSolutionNode = FALSE
	EndGlobalSection
	GlobalSection(ExtensibilityGlobals) = postSolution
		SolutionGuid = {1B9AA4DB-217E-4C61-A373-B65DE944481D}
	EndGlobalSection
EndGlobal
